// !$*UTF8*$!
{
	archiveVersion = 1;
	classes = {
	};
	objectVersion = 50;
	objects = {

/* Begin PBXBuildFile section */
		D82C8C7624DD7FF2004E95D3 /* AppDelegate.swift in Sources */ = {isa = PBXBuildFile; fileRef = D82C8C7524DD7FF2004E95D3 /* AppDelegate.swift */; };
		D82C8C7824DD7FF2004E95D3 /* SceneDelegate.swift in Sources */ = {isa = PBXBuildFile; fileRef = D82C8C7724DD7FF2004E95D3 /* SceneDelegate.swift */; };
		D82C8C7D24DD7FF2004E95D3 /* Main.storyboard in Resources */ = {isa = PBXBuildFile; fileRef = D82C8C7B24DD7FF2004E95D3 /* Main.storyboard */; };
		D82C8C7F24DD7FF3004E95D3 /* Assets.xcassets in Resources */ = {isa = PBXBuildFile; fileRef = D82C8C7E24DD7FF3004E95D3 /* Assets.xcassets */; };
		D82C8C8224DD7FF3004E95D3 /* LaunchScreen.storyboard in Resources */ = {isa = PBXBuildFile; fileRef = D82C8C8024DD7FF3004E95D3 /* LaunchScreen.storyboard */; };
		D82C8C8E24DD8062004E95D3 /* MainViewController.swift in Sources */ = {isa = PBXBuildFile; fileRef = D82C8C8D24DD8062004E95D3 /* MainViewController.swift */; };
		D82C8C9024DD80CC004E95D3 /* NetworkManager.swift in Sources */ = {isa = PBXBuildFile; fileRef = D82C8C8F24DD80CC004E95D3 /* NetworkManager.swift */; };
		D82C8C9224DD80F6004E95D3 /* ImageCache.swift in Sources */ = {isa = PBXBuildFile; fileRef = D82C8C9124DD80F6004E95D3 /* ImageCache.swift */; };
		D82C8C9424DD8113004E95D3 /* NetworkError.swift in Sources */ = {isa = PBXBuildFile; fileRef = D82C8C9324DD8113004E95D3 /* NetworkError.swift */; };
		D82C8C9624DD813B004E95D3 /* People.swift in Sources */ = {isa = PBXBuildFile; fileRef = D82C8C9524DD813B004E95D3 /* People.swift */; };
		D82C8C9824DD8472004E95D3 /* MyTableViewCell.swift in Sources */ = {isa = PBXBuildFile; fileRef = D82C8C9724DD8472004E95D3 /* MyTableViewCell.swift */; };
		D82C8C9A24DD893E004E95D3 /* DetailViewController.swift in Sources */ = {isa = PBXBuildFile; fileRef = D82C8C9924DD893E004E95D3 /* DetailViewController.swift */; };
/* End PBXBuildFile section */

/* Begin PBXFileReference section */
		D82C8C7224DD7FF2004E95D3 /* StarWarsApp.app */ = {isa = PBXFileReference; explicitFileType = wrapper.application; includeInIndex = 0; path = StarWarsApp.app; sourceTree = BUILT_PRODUCTS_DIR; };
		D82C8C7524DD7FF2004E95D3 /* AppDelegate.swift */ = {isa = PBXFileReference; lastKnownFileType = sourcecode.swift; path = AppDelegate.swift; sourceTree = "<group>"; };
		D82C8C7724DD7FF2004E95D3 /* SceneDelegate.swift */ = {isa = PBXFileReference; lastKnownFileType = sourcecode.swift; path = SceneDelegate.swift; sourceTree = "<group>"; };
		D82C8C7C24DD7FF2004E95D3 /* Base */ = {isa = PBXFileReference; lastKnownFileType = file.storyboard; name = Base; path = Base.lproj/Main.storyboard; sourceTree = "<group>"; };
		D82C8C7E24DD7FF3004E95D3 /* Assets.xcassets */ = {isa = PBXFileReference; lastKnownFileType = folder.assetcatalog; path = Assets.xcassets; sourceTree = "<group>"; };
		D82C8C8124DD7FF3004E95D3 /* Base */ = {isa = PBXFileReference; lastKnownFileType = file.storyboard; name = Base; path = Base.lproj/LaunchScreen.storyboard; sourceTree = "<group>"; };
		D82C8C8324DD7FF3004E95D3 /* Info.plist */ = {isa = PBXFileReference; lastKnownFileType = text.plist.xml; path = Info.plist; sourceTree = "<group>"; };
		D82C8C8D24DD8062004E95D3 /* MainViewController.swift */ = {isa = PBXFileReference; lastKnownFileType = sourcecode.swift; path = MainViewController.swift; sourceTree = "<group>"; };
		D82C8C8F24DD80CC004E95D3 /* NetworkManager.swift */ = {isa = PBXFileReference; lastKnownFileType = sourcecode.swift; path = NetworkManager.swift; sourceTree = "<group>"; };
		D82C8C9124DD80F6004E95D3 /* ImageCache.swift */ = {isa = PBXFileReference; lastKnownFileType = sourcecode.swift; path = ImageCache.swift; sourceTree = "<group>"; };
		D82C8C9324DD8113004E95D3 /* NetworkError.swift */ = {isa = PBXFileReference; lastKnownFileType = sourcecode.swift; path = NetworkError.swift; sourceTree = "<group>"; };
		D82C8C9524DD813B004E95D3 /* People.swift */ = {isa = PBXFileReference; lastKnownFileType = sourcecode.swift; path = People.swift; sourceTree = "<group>"; };
		D82C8C9724DD8472004E95D3 /* MyTableViewCell.swift */ = {isa = PBXFileReference; lastKnownFileType = sourcecode.swift; path = MyTableViewCell.swift; sourceTree = "<group>"; };
		D82C8C9924DD893E004E95D3 /* DetailViewController.swift */ = {isa = PBXFileReference; lastKnownFileType = sourcecode.swift; path = DetailViewController.swift; sourceTree = "<group>"; };
/* End PBXFileReference section */

/* Begin PBXFrameworksBuildPhase section */
		D82C8C6F24DD7FF2004E95D3 /* Frameworks */ = {
			isa = PBXFrameworksBuildPhase;
			buildActionMask = 2147483647;
			files = (
			);
			runOnlyForDeploymentPostprocessing = 0;
		};
/* End PBXFrameworksBuildPhase section */

/* Begin PBXGroup section */
		D82C8C6924DD7FF2004E95D3 = {
			isa = PBXGroup;
			children = (
				D82C8C7424DD7FF2004E95D3 /* StarWarsApp */,
				D82C8C7324DD7FF2004E95D3 /* Products */,
			);
			sourceTree = "<group>";
		};
		D82C8C7324DD7FF2004E95D3 /* Products */ = {
			isa = PBXGroup;
			children = (
				D82C8C7224DD7FF2004E95D3 /* StarWarsApp.app */,
			);
			name = Products;
			sourceTree = "<group>";
		};
		D82C8C7424DD7FF2004E95D3 /* StarWarsApp */ = {
			isa = PBXGroup;
			children = (
				D82C8C8C24DD800D004E95D3 /* Network */,
				D82C8C8B24DD8008004E95D3 /* View */,
				D82C8C8A24DD8004004E95D3 /* Model */,
				D82C8C8924DD7FFF004E95D3 /* ViewController */,
				D82C8C7524DD7FF2004E95D3 /* AppDelegate.swift */,
				D82C8C7724DD7FF2004E95D3 /* SceneDelegate.swift */,
				D82C8C7B24DD7FF2004E95D3 /* Main.storyboard */,
				D82C8C7E24DD7FF3004E95D3 /* Assets.xcassets */,
				D82C8C8024DD7FF3004E95D3 /* LaunchScreen.storyboard */,
				D82C8C8324DD7FF3004E95D3 /* Info.plist */,
			);
			path = StarWarsApp;
			sourceTree = "<group>";
		};
		D82C8C8924DD7FFF004E95D3 /* ViewController */ = {
			isa = PBXGroup;
			children = (
				D82C8C8D24DD8062004E95D3 /* MainViewController.swift */,
				D82C8C9924DD893E004E95D3 /* DetailViewController.swift */,
			);
			path = ViewController;
			sourceTree = "<group>";
		};
		D82C8C8A24DD8004004E95D3 /* Model */ = {
			isa = PBXGroup;
			children = (
				D82C8C9524DD813B004E95D3 /* People.swift */,
			);
			path = Model;
			sourceTree = "<group>";
		};
		D82C8C8B24DD8008004E95D3 /* View */ = {
			isa = PBXGroup;
			children = (
				D82C8C9724DD8472004E95D3 /* MyTableViewCell.swift */,
			);
			path = View;
			sourceTree = "<group>";
		};
		D82C8C8C24DD800D004E95D3 /* Network */ = {
			isa = PBXGroup;
			children = (
				D82C8C8F24DD80CC004E95D3 /* NetworkManager.swift */,
				D82C8C9124DD80F6004E95D3 /* ImageCache.swift */,
				D82C8C9324DD8113004E95D3 /* NetworkError.swift */,
			);
			path = Network;
			sourceTree = "<group>";
		};
/* End PBXGroup section */

/* Begin PBXNativeTarget section */
		D82C8C7124DD7FF2004E95D3 /* StarWarsApp */ = {
			isa = PBXNativeTarget;
			buildConfigurationList = D82C8C8624DD7FF3004E95D3 /* Build configuration list for PBXNativeTarget "StarWarsApp" */;
			buildPhases = (
				D82C8C6E24DD7FF2004E95D3 /* Sources */,
				D82C8C6F24DD7FF2004E95D3 /* Frameworks */,
				D82C8C7024DD7FF2004E95D3 /* Resources */,
			);
			buildRules = (
			);
			dependencies = (
			);
			name = StarWarsApp;
			productName = StarWarsApp;
			productReference = D82C8C7224DD7FF2004E95D3 /* StarWarsApp.app */;
			productType = "com.apple.product-type.application";
		};
/* End PBXNativeTarget section */

/* Begin PBXProject section */
		D82C8C6A24DD7FF2004E95D3 /* Project object */ = {
			isa = PBXProject;
			attributes = {
				LastSwiftUpdateCheck = 1160;
				LastUpgradeCheck = 1160;
				ORGANIZATIONNAME = "Joao Campos";
				TargetAttributes = {
					D82C8C7124DD7FF2004E95D3 = {
						CreatedOnToolsVersion = 11.6;
					};
				};
			};
			buildConfigurationList = D82C8C6D24DD7FF2004E95D3 /* Build configuration list for PBXProject "StarWarsApp" */;
			compatibilityVersion = "Xcode 9.3";
			developmentRegion = en;
			hasScannedForEncodings = 0;
			knownRegions = (
				en,
				Base,
			);
			mainGroup = D82C8C6924DD7FF2004E95D3;
			productRefGroup = D82C8C7324DD7FF2004E95D3 /* Products */;
			projectDirPath = "";
			projectRoot = "";
			targets = (
				D82C8C7124DD7FF2004E95D3 /* StarWarsApp */,
			);
		};
/* End PBXProject section */

/* Begin PBXResourcesBuildPhase section */
		D82C8C7024DD7FF2004E95D3 /* Resources */ = {
			isa = PBXResourcesBuildPhase;
			buildActionMask = 2147483647;
			files = (
				D82C8C8224DD7FF3004E95D3 /* LaunchScreen.storyboard in Resources */,
				D82C8C7F24DD7FF3004E95D3 /* Assets.xcassets in Resources */,
				D82C8C7D24DD7FF2004E95D3 /* Main.storyboard in Resources */,
			);
			runOnlyForDeploymentPostprocessing = 0;
		};
/* End PBXResourcesBuildPhase section */

/* Begin PBXSourcesBuildPhase section */
		D82C8C6E24DD7FF2004E95D3 /* Sources */ = {
			isa = PBXSourcesBuildPhase;
			buildActionMask = 2147483647;
			files = (
				D82C8C9A24DD893E004E95D3 /* DetailViewController.swift in Sources */,
				D82C8C9224DD80F6004E95D3 /* ImageCache.swift in Sources */,
				D82C8C9824DD8472004E95D3 /* MyTableViewCell.swift in Sources */,
				D82C8C9024DD80CC004E95D3 /* NetworkManager.swift in Sources */,
				D82C8C8E24DD8062004E95D3 /* MainViewController.swift in Sources */,
				D82C8C9424DD8113004E95D3 /* NetworkError.swift in Sources */,
				D82C8C7624DD7FF2004E95D3 /* AppDelegate.swift in Sources */,
				D82C8C7824DD7FF2004E95D3 /* SceneDelegate.swift in Sources */,
				D82C8C9624DD813B004E95D3 /* People.swift in Sources */,
			);
			runOnlyForDeploymentPostprocessing = 0;
		};
/* End PBXSourcesBuildPhase section */

/* Begin PBXVariantGroup section */
		D82C8C7B24DD7FF2004E95D3 /* Main.storyboard */ = {
			isa = PBXVariantGroup;
			children = (
				D82C8C7C24DD7FF2004E95D3 /* Base */,
			);
			name = Main.storyboard;
			sourceTree = "<group>";
		};
		D82C8C8024DD7FF3004E95D3 /* LaunchScreen.storyboard */ = {
			isa = PBXVariantGroup;
			children = (
				D82C8C8124DD7FF3004E95D3 /* Base */,
			);
			name = LaunchScreen.storyboard;
			sourceTree = "<group>";
		};
/* End PBXVariantGroup section */

/* Begin XCBuildConfiguration section */
		D82C8C8424DD7FF3004E95D3 /* Debug */ = {
			isa = XCBuildConfiguration;
			buildSettings = {
				ALWAYS_SEARCH_USER_PATHS = NO;
				CLANG_ANALYZER_NONNULL = YES;
				CLANG_ANALYZER_NUMBER_OBJECT_CONVERSION = YES_AGGRESSIVE;
				CLANG_CXX_LANGUAGE_STANDARD = "gnu++14";
				CLANG_CXX_LIBRARY = "libc++";
				CLANG_ENABLE_MODULES = YES;
				CLANG_ENABLE_OBJC_ARC = YES;
				CLANG_ENABLE_OBJC_WEAK = YES;
				CLANG_WARN_BLOCK_CAPTURE_AUTORELEASING = YES;
				CLANG_WARN_BOOL_CONVERSION = YES;
				CLANG_WARN_COMMA = YES;
				CLANG_WARN_CONSTANT_CONVERSION = YES;
				CLANG_WARN_DEPRECATED_OBJC_IMPLEMENTATIONS = YES;
				CLANG_WARN_DIRECT_OBJC_ISA_USAGE = YES_ERROR;
				CLANG_WARN_DOCUMENTATION_COMMENTS = YES;
				CLANG_WARN_EMPTY_BODY = YES;
				CLANG_WARN_ENUM_CONVERSION = YES;
				CLANG_WARN_INFINITE_RECURSION = YES;
				CLANG_WARN_INT_CONVERSION = YES;
				CLANG_WARN_NON_LITERAL_NULL_CONVERSION = YES;
				CLANG_WARN_OBJC_IMPLICIT_RETAIN_SELF = YES;
				CLANG_WARN_OBJC_LITERAL_CONVERSION = YES;
				CLANG_WARN_OBJC_ROOT_CLASS = YES_ERROR;
				CLANG_WARN_RANGE_LOOP_ANALYSIS = YES;
				CLANG_WARN_STRICT_PROTOTYPES = YES;
				CLANG_WARN_SUSPICIOUS_MOVE = YES;
				CLANG_WARN_UNGUARDED_AVAILABILITY = YES_AGGRESSIVE;
				CLANG_WARN_UNREACHABLE_CODE = YES;
				CLANG_WARN__DUPLICATE_METHOD_MATCH = YES;
				COPY_PHASE_STRIP = NO;
				DEBUG_INFORMATION_FORMAT = dwarf;
				ENABLE_STRICT_OBJC_MSGSEND = YES;
				ENABLE_TESTABILITY = YES;
				GCC_C_LANGUAGE_STANDARD = gnu11;
				GCC_DYNAMIC_NO_PIC = NO;
				GCC_NO_COMMON_BLOCKS = YES;
				GCC_OPTIMIZATION_LEVEL = 0;
				GCC_PREPROCESSOR_DEFINITIONS = (
					"DEBUG=1",
					"$(inherited)",
				);
				GCC_WARN_64_TO_32_BIT_CONVERSION = YES;
				GCC_WARN_ABOUT_RETURN_TYPE = YES_ERROR;
				GCC_WARN_UNDECLARED_SELECTOR = YES;
				GCC_WARN_UNINITIALIZED_AUTOS = YES_AGGRESSIVE;
				GCC_WARN_UNUSED_FUNCTION = YES;
				GCC_WARN_UNUSED_VARIABLE = YES;
				IPHONEOS_DEPLOYMENT_TARGET = 13.6;
				MTL_ENABLE_DEBUG_INFO = INCLUDE_SOURCE;
				MTL_FAST_MATH = YES;
				ONLY_ACTIVE_ARCH = YES;
				SDKROOT = iphoneos;
				SWIFT_ACTIVE_COMPILATION_CONDITIONS = DEBUG;
				SWIFT_OPTIMIZATION_LEVEL = "-Onone";
			};
			name = Debug;
		};
		D82C8C8524DD7FF3004E95D3 /* Release */ = {
			isa = XCBuildConfiguration;
			buildSettings = {
				ALWAYS_SEARCH_USER_PATHS = NO;
				CLANG_ANALYZER_NONNULL = YES;
				CLANG_ANALYZER_NUMBER_OBJECT_CONVERSION = YES_AGGRESSIVE;
				CLANG_CXX_LANGUAGE_STANDARD = "gnu++14";
				CLANG_CXX_LIBRARY = "libc++";
				CLANG_ENABLE_MODULES = YES;
				CLANG_ENABLE_OBJC_ARC = YES;
				CLANG_ENABLE_OBJC_WEAK = YES;
				CLANG_WARN_BLOCK_CAPTURE_AUTORELEASING = YES;
				CLANG_WARN_BOOL_CONVERSION = YES;
				CLANG_WARN_COMMA = YES;
				CLANG_WARN_CONSTANT_CONVERSION = YES;
				CLANG_WARN_DEPRECATED_OBJC_IMPLEMENTATIONS = YES;
				CLANG_WARN_DIRECT_OBJC_ISA_USAGE = YES_ERROR;
				CLANG_WARN_DOCUMENTATION_COMMENTS = YES;
				CLANG_WARN_EMPTY_BODY = YES;
				CLANG_WARN_ENUM_CONVERSION = YES;
				CLANG_WARN_INFINITE_RECURSION = YES;
				CLANG_WARN_INT_CONVERSION = YES;
				CLANG_WARN_NON_LITERAL_NULL_CONVERSION = YES;
				CLANG_WARN_OBJC_IMPLICIT_RETAIN_SELF = YES;
				CLANG_WARN_OBJC_LITERAL_CONVERSION = YES;
				CLANG_WARN_OBJC_ROOT_CLASS = YES_ERROR;
				CLANG_WARN_RANGE_LOOP_ANALYSIS = YES;
				CLANG_WARN_STRICT_PROTOTYPES = YES;
				CLANG_WARN_SUSPICIOUS_MOVE = YES;
				CLANG_WARN_UNGUARDED_AVAILABILITY = YES_AGGRESSIVE;
				CLANG_WARN_UNREACHABLE_CODE = YES;
				CLANG_WARN__DUPLICATE_METHOD_MATCH = YES;
				COPY_PHASE_STRIP = NO;
				DEBUG_INFORMATION_FORMAT = "dwarf-with-dsym";
				ENABLE_NS_ASSERTIONS = NO;
				ENABLE_STRICT_OBJC_MSGSEND = YES;
				GCC_C_LANGUAGE_STANDARD = gnu11;
				GCC_NO_COMMON_BLOCKS = YES;
				GCC_WARN_64_TO_32_BIT_CONVERSION = YES;
				GCC_WARN_ABOUT_RETURN_TYPE = YES_ERROR;
				GCC_WARN_UNDECLARED_SELECTOR = YES;
				GCC_WARN_UNINITIALIZED_AUTOS = YES_AGGRESSIVE;
				GCC_WARN_UNUSED_FUNCTION = YES;
				GCC_WARN_UNUSED_VARIABLE = YES;
				IPHONEOS_DEPLOYMENT_TARGET = 13.6;
				MTL_ENABLE_DEBUG_INFO = NO;
				MTL_FAST_MATH = YES;
				SDKROOT = iphoneos;
				SWIFT_COMPILATION_MODE = wholemodule;
				SWIFT_OPTIMIZATION_LEVEL = "-O";
				VALIDATE_PRODUCT = YES;
			};
			name = Release;
		};
		D82C8C8724DD7FF3004E95D3 /* Debug */ = {
			isa = XCBuildConfiguration;
			buildSettings = {
				ASSETCATALOG_COMPILER_APPICON_NAME = AppIcon;
				CODE_SIGN_STYLE = Automatic;
				INFOPLIST_FILE = StarWarsApp/Info.plist;
				LD_RUNPATH_SEARCH_PATHS = (
					"$(inherited)",
					"@executable_path/Frameworks",
				);
				PRODUCT_BUNDLE_IDENTIFIER = joaoJs.StarWarsApp;
				PRODUCT_NAME = "$(TARGET_NAME)";
				SWIFT_VERSION = 5.0;
				TARGETED_DEVICE_FAMILY = "1,2";
			};
			name = Debug;
		};
		D82C8C8824DD7FF3004E95D3 /* Release */ = {
			isa = XCBuildConfiguration;
			buildSettings = {
				ASSETCATALOG_COMPILER_APPICON_NAME = AppIcon;
				CODE_SIGN_STYLE = Automatic;
				INFOPLIST_FILE = StarWarsApp/Info.plist;
				LD_RUNPATH_SEARCH_PATHS = (
					"$(inherited)",
					"@executable_path/Frameworks",
				);
				PRODUCT_BUNDLE_IDENTIFIER = joaoJs.StarWarsApp;
				PRODUCT_NAME = "$(TARGET_NAME)";
				SWIFT_VERSION = 5.0;
				TARGETED_DEVICE_FAMILY = "1,2";
			};
			name = Release;
		};
/* End XCBuildConfiguration section */

/* Begin XCConfigurationList section */
		D82C8C6D24DD7FF2004E95D3 /* Build configuration list for PBXProject "StarWarsApp" */ = {
			isa = XCConfigurationList;
			buildConfigurations = (
				D82C8C8424DD7FF3004E95D3 /* Debug */,
				D82C8C8524DD7FF3004E95D3 /* Release */,
			);
			defaultConfigurationIsVisible = 0;
			defaultConfigurationName = Release;
		};
		D82C8C8624DD7FF3004E95D3 /* Build configuration list for PBXNativeTarget "StarWarsApp" */ = {
			isa = XCConfigurationList;
			buildConfigurations = (
				D82C8C8724DD7FF3004E95D3 /* Debug */,
				D82C8C8824DD7FF3004E95D3 /* Release */,
			);
			defaultConfigurationIsVisible = 0;
			defaultConfigurationName = Release;
		};
/* End XCConfigurationList section */
	};
	rootObject = D82C8C6A24DD7FF2004E95D3 /* Project object */;
}
